
Microsoft Visual Studio Solution File, Format Version 12.00
# Visual Studio Version 16
VisualStudioVersion = 16.0.29424.173
MinimumVisualStudioVersion = 10.0.40219.1
Project("{FAE04EC0-301F-11D3-BF4B-00C04F79EFBC}") = "Dictionary_Console_MW", "Dictionary_Console_MW.csproj", "{1664263D-AA08-4519-B7D1-234055C6E65E}"
EndProject
Global
	GlobalSection(SolutionConfigurationPlatforms) = preSolution
		Debug|Any CPU = Debug|Any CPU
		Release|Any CPU = Release|Any CPU
	EndGlobalSection
	GlobalSection(ProjectConfigurationPlatforms) = postSolution
		{1664263D-AA08-4519-B7D1-234055C6E65E}.Debug|Any CPU.ActiveCfg = Debug|Any CPU
		{1664263D-AA08-4519-B7D1-234055C6E65E}.Debug|Any CPU.Build.0 = Debug|Any CPU
		{1664263D-AA08-4519-B7D1-234055C6E65E}.Release|Any CPU.ActiveCfg = Release|Any CPU
		{1664263D-AA08-4519-B7D1-234055C6E65E}.Release|Any CPU.Build.0 = Release|Any CPU
	EndGlobalSection
	GlobalSection(SolutionProperties) = preSolution
		HideSolutionNode = FALSE
	EndGlobalSection
	GlobalSection(ExtensibilityGlobals) = postSolution
		SolutionGuid = {9ADFBBB0-4461-40E7-8039-FAD96E747204}
	EndGlobalSection
EndGlobal
